
Microsoft Visual Studio Solution File, Format Version 12.00
# Visual Studio Version 17
VisualStudioVersion = 17.14.37614.0
MinimumVisualStudioVersion = 10.0.40219.1
Project("{2150E333-8FDC-42A3-9474-1A3956D46DE8}") = "Task0", "Task0", "{02EA681E-C7D8-13C7-8484-4AC65E1B71E8}"
EndProject
Project("{FAE04EC0-301F-11D3-BF4B-00C04F79EFBC}") = "Tyuiu.MikhailovVN.Sprint0.Task0.V0", "Tyuiu.MikhailovVN.Sprint0.Task0.V0\Tyuiu.MikhailovVN.Sprint0.Task0.V0.csproj", "{7286B43F-A79C-440A-9894-A10C1CB09D1D}"
EndProject
Project("{2150E333-8FDC-42A3-9474-1A3956D46DE8}") = "Task1", "Task1", "{D95230B4-8451-4C03-B98E-23B64BFE9238}"
EndProject
Project("{FAE04EC0-301F-11D3-BF4B-00C04F79EFBC}") = "Tyuiu.MikhailovVN.Sprint0.Task1.V0", "Tyuiu.MikhailovVN.Sprint0.Task1.V0\Tyuiu.MikhailovVN.Sprint0.Task1.V0.csproj", "{AF944D77-3D20-4691-9FCF-F0AB00068431}"
EndProject
Global
	GlobalSection(SolutionConfigurationPlatforms) = preSolution
		Debug|Any CPU = Debug|Any CPU
		Release|Any CPU = Release|Any CPU
	EndGlobalSection
	GlobalSection(ProjectConfigurationPlatforms) = postSolution
		{7286B43F-A79C-440A-9894-A10C1CB09D1D}.Debug|Any CPU.ActiveCfg = Debug|Any CPU
		{7286B43F-A79C-440A-9894-A10C1CB09D1D}.Debug|Any CPU.Build.0 = Debug|Any CPU
		{7286B43F-A79C-440A-9894-A10C1CB09D1D}.Release|Any CPU.ActiveCfg = Release|Any CPU
		{7286B43F-A79C-440A-9894-A10C1CB09D1D}.Release|Any CPU.Build.0 = Release|Any CPU
		{AF944D77-3D20-4691-9FCF-F0AB00068431}.Debug|Any CPU.ActiveCfg = Debug|Any CPU
		{AF944D77-3D20-4691-9FCF-F0AB00068431}.Debug|Any CPU.Build.0 = Debug|Any CPU
		{AF944D77-3D20-4691-9FCF-F0AB00068431}.Release|Any CPU.ActiveCfg = Release|Any CPU
		{AF944D77-3D20-4691-9FCF-F0AB00068431}.Release|Any CPU.Build.0 = Release|Any CPU
	EndGlobalSection
	GlobalSection(SolutionProperties) = preSolution
		HideSolutionNode = FALSE
	EndGlobalSection
	GlobalSection(NestedProjects) = preSolution
		{7286B43F-A79C-440A-9894-A10C1CB09D1D} = {02EA681E-C7D8-13C7-8484-4AC65E1B71E8}
		{AF944D77-3D20-4691-9FCF-F0AB00068431} = {D95230B4-8451-4C03-B98E-23B64BFE9238}
	EndGlobalSection
	GlobalSection(ExtensibilityGlobals) = postSolution
		SolutionGuid = {D6718847-77C3-495B-90E8-C5A7D9352789}
	EndGlobalSection
EndGlobal
